// !$*UTF8*$!
{
	archiveVersion = 1;
	classes = {
	};
	objectVersion = 50;
	objects = {

/* Begin PBXBuildFile section */
		EE746EA520C48502004F08A8 /* WorkoutTableViewCell.swift in Sources */ = {isa = PBXBuildFile; fileRef = EE746EA420C48502004F08A8 /* WorkoutTableViewCell.swift */; };
		EE91EBEE20AF28F8004A70C0 /* AppDelegate.swift in Sources */ = {isa = PBXBuildFile; fileRef = EE91EBED20AF28F8004A70C0 /* AppDelegate.swift */; };
		EE91EBF020AF28F8004A70C0 /* ViewController.swift in Sources */ = {isa = PBXBuildFile; fileRef = EE91EBEF20AF28F8004A70C0 /* ViewController.swift */; };
		EE91EBF320AF28F8004A70C0 /* Main.storyboard in Resources */ = {isa = PBXBuildFile; fileRef = EE91EBF120AF28F8004A70C0 /* Main.storyboard */; };
		EE91EBF520AF28FB004A70C0 /* Assets.xcassets in Resources */ = {isa = PBXBuildFile; fileRef = EE91EBF420AF28FB004A70C0 /* Assets.xcassets */; };
		EE91EBF820AF28FB004A70C0 /* LaunchScreen.storyboard in Resources */ = {isa = PBXBuildFile; fileRef = EE91EBF620AF28FB004A70C0 /* LaunchScreen.storyboard */; };
		EE91EC0020AF2E68004A70C0 /* WorkoutsTableViewController.swift in Sources */ = {isa = PBXBuildFile; fileRef = EE91EBFF20AF2E68004A70C0 /* WorkoutsTableViewController.swift */; };
		EE91EC0220AF3350004A70C0 /* TimersTableViewController.swift in Sources */ = {isa = PBXBuildFile; fileRef = EE91EC0120AF3350004A70C0 /* TimersTableViewController.swift */; };
		EE91EC0420AF38D9004A70C0 /* Workout.swift in Sources */ = {isa = PBXBuildFile; fileRef = EE91EC0320AF38D9004A70C0 /* Workout.swift */; };
		EE91EC0620AF3913004A70C0 /* example.json in Resources */ = {isa = PBXBuildFile; fileRef = EE91EC0520AF3913004A70C0 /* example.json */; };
		EE91EC0820B86B2E004A70C0 /* CurrentTimer.swift in Sources */ = {isa = PBXBuildFile; fileRef = EE91EC0720B86B2E004A70C0 /* CurrentTimer.swift */; };
		EEC2D9E420C6E6EC0065F170 /* SettingsTableViewController.swift in Sources */ = {isa = PBXBuildFile; fileRef = EEC2D9E320C6E6EC0065F170 /* SettingsTableViewController.swift */; };
/* End PBXBuildFile section */

/* Begin PBXFileReference section */
		EE746EA420C48502004F08A8 /* WorkoutTableViewCell.swift */ = {isa = PBXFileReference; lastKnownFileType = sourcecode.swift; path = WorkoutTableViewCell.swift; sourceTree = "<group>"; };
		EE91EBEA20AF28F8004A70C0 /* workout-timers.app */ = {isa = PBXFileReference; explicitFileType = wrapper.application; includeInIndex = 0; path = "workout-timers.app"; sourceTree = BUILT_PRODUCTS_DIR; };
		EE91EBED20AF28F8004A70C0 /* AppDelegate.swift */ = {isa = PBXFileReference; lastKnownFileType = sourcecode.swift; path = AppDelegate.swift; sourceTree = "<group>"; };
		EE91EBEF20AF28F8004A70C0 /* ViewController.swift */ = {isa = PBXFileReference; lastKnownFileType = sourcecode.swift; path = ViewController.swift; sourceTree = "<group>"; };
		EE91EBF220AF28F8004A70C0 /* Base */ = {isa = PBXFileReference; lastKnownFileType = file.storyboard; name = Base; path = Base.lproj/Main.storyboard; sourceTree = "<group>"; };
		EE91EBF420AF28FB004A70C0 /* Assets.xcassets */ = {isa = PBXFileReference; lastKnownFileType = folder.assetcatalog; path = Assets.xcassets; sourceTree = "<group>"; };
		EE91EBF720AF28FB004A70C0 /* Base */ = {isa = PBXFileReference; lastKnownFileType = file.storyboard; name = Base; path = Base.lproj/LaunchScreen.storyboard; sourceTree = "<group>"; };
		EE91EBF920AF28FB004A70C0 /* Info.plist */ = {isa = PBXFileReference; lastKnownFileType = text.plist.xml; path = Info.plist; sourceTree = "<group>"; };
		EE91EBFF20AF2E68004A70C0 /* WorkoutsTableViewController.swift */ = {isa = PBXFileReference; lastKnownFileType = sourcecode.swift; path = WorkoutsTableViewController.swift; sourceTree = "<group>"; };
		EE91EC0120AF3350004A70C0 /* TimersTableViewController.swift */ = {isa = PBXFileReference; lastKnownFileType = sourcecode.swift; path = TimersTableViewController.swift; sourceTree = "<group>"; };
		EE91EC0320AF38D9004A70C0 /* Workout.swift */ = {isa = PBXFileReference; lastKnownFileType = sourcecode.swift; path = Workout.swift; sourceTree = "<group>"; };
		EE91EC0520AF3913004A70C0 /* example.json */ = {isa = PBXFileReference; lastKnownFileType = text.json; path = example.json; sourceTree = "<group>"; xcLanguageSpecificationIdentifier = xcode.lang.javascript; };
		EE91EC0720B86B2E004A70C0 /* CurrentTimer.swift */ = {isa = PBXFileReference; lastKnownFileType = sourcecode.swift; path = CurrentTimer.swift; sourceTree = "<group>"; };
		EEC2D9E320C6E6EC0065F170 /* SettingsTableViewController.swift */ = {isa = PBXFileReference; lastKnownFileType = sourcecode.swift; path = SettingsTableViewController.swift; sourceTree = "<group>"; };
/* End PBXFileReference section */

/* Begin PBXFrameworksBuildPhase section */
		EE91EBE720AF28F8004A70C0 /* Frameworks */ = {
			isa = PBXFrameworksBuildPhase;
			buildActionMask = 2147483647;
			files = (
			);
			runOnlyForDeploymentPostprocessing = 0;
		};
/* End PBXFrameworksBuildPhase section */

/* Begin PBXGroup section */
		EE91EBE120AF28F8004A70C0 = {
			isa = PBXGroup;
			children = (
				EE91EBEC20AF28F8004A70C0 /* workout-timers */,
				EE91EBEB20AF28F8004A70C0 /* Products */,
			);
			sourceTree = "<group>";
		};
		EE91EBEB20AF28F8004A70C0 /* Products */ = {
			isa = PBXGroup;
			children = (
				EE91EBEA20AF28F8004A70C0 /* workout-timers.app */,
			);
			name = Products;
			sourceTree = "<group>";
		};
		EE91EBEC20AF28F8004A70C0 /* workout-timers */ = {
			isa = PBXGroup;
			children = (
				EE91EBED20AF28F8004A70C0 /* AppDelegate.swift */,
				EE91EBEF20AF28F8004A70C0 /* ViewController.swift */,
				EE91EBF120AF28F8004A70C0 /* Main.storyboard */,
				EE91EBF420AF28FB004A70C0 /* Assets.xcassets */,
				EE91EBF620AF28FB004A70C0 /* LaunchScreen.storyboard */,
				EE91EBF920AF28FB004A70C0 /* Info.plist */,
				EE91EBFF20AF2E68004A70C0 /* WorkoutsTableViewController.swift */,
				EE91EC0120AF3350004A70C0 /* TimersTableViewController.swift */,
				EE91EC0320AF38D9004A70C0 /* Workout.swift */,
				EE91EC0520AF3913004A70C0 /* example.json */,
				EE91EC0720B86B2E004A70C0 /* CurrentTimer.swift */,
				EE746EA420C48502004F08A8 /* WorkoutTableViewCell.swift */,
				EEC2D9E320C6E6EC0065F170 /* SettingsTableViewController.swift */,
			);
			path = "workout-timers";
			sourceTree = "<group>";
		};
/* End PBXGroup section */

/* Begin PBXNativeTarget section */
		EE91EBE920AF28F8004A70C0 /* workout-timers */ = {
			isa = PBXNativeTarget;
			buildConfigurationList = EE91EBFC20AF28FB004A70C0 /* Build configuration list for PBXNativeTarget "workout-timers" */;
			buildPhases = (
				EE91EBE620AF28F8004A70C0 /* Sources */,
				EE91EBE720AF28F8004A70C0 /* Frameworks */,
				EE91EBE820AF28F8004A70C0 /* Resources */,
			);
			buildRules = (
			);
			dependencies = (
			);
			name = "workout-timers";
			productName = "workout-timers";
			productReference = EE91EBEA20AF28F8004A70C0 /* workout-timers.app */;
			productType = "com.apple.product-type.application";
		};
/* End PBXNativeTarget section */

/* Begin PBXProject section */
		EE91EBE220AF28F8004A70C0 /* Project object */ = {
			isa = PBXProject;
			attributes = {
				LastSwiftUpdateCheck = 0930;
				LastUpgradeCheck = 0930;
				ORGANIZATIONNAME = "Robotic Snail Software";
				TargetAttributes = {
					EE91EBE920AF28F8004A70C0 = {
						CreatedOnToolsVersion = 9.3.1;
					};
				};
			};
			buildConfigurationList = EE91EBE520AF28F8004A70C0 /* Build configuration list for PBXProject "workout-timers" */;
			compatibilityVersion = "Xcode 9.3";
			developmentRegion = en;
			hasScannedForEncodings = 0;
			knownRegions = (
				en,
				Base,
			);
			mainGroup = EE91EBE120AF28F8004A70C0;
			productRefGroup = EE91EBEB20AF28F8004A70C0 /* Products */;
			projectDirPath = "";
			projectRoot = "";
			targets = (
				EE91EBE920AF28F8004A70C0 /* workout-timers */,
			);
		};
/* End PBXProject section */

/* Begin PBXResourcesBuildPhase section */
		EE91EBE820AF28F8004A70C0 /* Resources */ = {
			isa = PBXResourcesBuildPhase;
			buildActionMask = 2147483647;
			files = (
				EE91EC0620AF3913004A70C0 /* example.json in Resources */,
				EE91EBF820AF28FB004A70C0 /* LaunchScreen.storyboard in Resources */,
				EE91EBF520AF28FB004A70C0 /* Assets.xcassets in Resources */,
				EE91EBF320AF28F8004A70C0 /* Main.storyboard in Resources */,
			);
			runOnlyForDeploymentPostprocessing = 0;
		};
/* End PBXResourcesBuildPhase section */

/* Begin PBXSourcesBuildPhase section */
		EE91EBE620AF28F8004A70C0 /* Sources */ = {
			isa = PBXSourcesBuildPhase;
			buildActionMask = 2147483647;
			files = (
				EE91EBF020AF28F8004A70C0 /* ViewController.swift in Sources */,
				EE91EC0820B86B2E004A70C0 /* CurrentTimer.swift in Sources */,
				EE91EC0220AF3350004A70C0 /* TimersTableViewController.swift in Sources */,
				EE91EC0020AF2E68004A70C0 /* WorkoutsTableViewController.swift in Sources */,
				EEC2D9E420C6E6EC0065F170 /* SettingsTableViewController.swift in Sources */,
				EE91EC0420AF38D9004A70C0 /* Workout.swift in Sources */,
				EE746EA520C48502004F08A8 /* WorkoutTableViewCell.swift in Sources */,
				EE91EBEE20AF28F8004A70C0 /* AppDelegate.swift in Sources */,
			);
			runOnlyForDeploymentPostprocessing = 0;
		};
/* End PBXSourcesBuildPhase section */

/* Begin PBXVariantGroup section */
		EE91EBF120AF28F8004A70C0 /* Main.storyboard */ = {
			isa = PBXVariantGroup;
			children = (
				EE91EBF220AF28F8004A70C0 /* Base */,
			);
			name = Main.storyboard;
			sourceTree = "<group>";
		};
		EE91EBF620AF28FB004A70C0 /* LaunchScreen.storyboard */ = {
			isa = PBXVariantGroup;
			children = (
				EE91EBF720AF28FB004A70C0 /* Base */,
			);
			name = LaunchScreen.storyboard;
			sourceTree = "<group>";
		};
/* End PBXVariantGroup section */

/* Begin XCBuildConfiguration section */
		EE91EBFA20AF28FB004A70C0 /* Debug */ = {
			isa = XCBuildConfiguration;
			buildSettings = {
				ALWAYS_SEARCH_USER_PATHS = NO;
				CLANG_ANALYZER_NONNULL = YES;
				CLANG_ANALYZER_NUMBER_OBJECT_CONVERSION = YES_AGGRESSIVE;
				CLANG_CXX_LANGUAGE_STANDARD = "gnu++14";
				CLANG_CXX_LIBRARY = "libc++";
				CLANG_ENABLE_MODULES = YES;
				CLANG_ENABLE_OBJC_ARC = YES;
				CLANG_ENABLE_OBJC_WEAK = YES;
				CLANG_WARN_BLOCK_CAPTURE_AUTORELEASING = YES;
				CLANG_WARN_BOOL_CONVERSION = YES;
				CLANG_WARN_COMMA = YES;
				CLANG_WARN_CONSTANT_CONVERSION = YES;
				CLANG_WARN_DEPRECATED_OBJC_IMPLEMENTATIONS = YES;
				CLANG_WARN_DIRECT_OBJC_ISA_USAGE = YES_ERROR;
				CLANG_WARN_DOCUMENTATION_COMMENTS = YES;
				CLANG_WARN_EMPTY_BODY = YES;
				CLANG_WARN_ENUM_CONVERSION = YES;
				CLANG_WARN_INFINITE_RECURSION = YES;
				CLANG_WARN_INT_CONVERSION = YES;
				CLANG_WARN_NON_LITERAL_NULL_CONVERSION = YES;
				CLANG_WARN_OBJC_IMPLICIT_RETAIN_SELF = YES;
				CLANG_WARN_OBJC_LITERAL_CONVERSION = YES;
				CLANG_WARN_OBJC_ROOT_CLASS = YES_ERROR;
				CLANG_WARN_RANGE_LOOP_ANALYSIS = YES;
				CLANG_WARN_STRICT_PROTOTYPES = YES;
				CLANG_WARN_SUSPICIOUS_MOVE = YES;
				CLANG_WARN_UNGUARDED_AVAILABILITY = YES_AGGRESSIVE;
				CLANG_WARN_UNREACHABLE_CODE = YES;
				CLANG_WARN__DUPLICATE_METHOD_MATCH = YES;
				CODE_SIGN_IDENTITY = "iPhone Developer";
				COPY_PHASE_STRIP = NO;
				DEBUG_INFORMATION_FORMAT = dwarf;
				ENABLE_STRICT_OBJC_MSGSEND = YES;
				ENABLE_TESTABILITY = YES;
				GCC_C_LANGUAGE_STANDARD = gnu11;
				GCC_DYNAMIC_NO_PIC = NO;
				GCC_NO_COMMON_BLOCKS = YES;
				GCC_OPTIMIZATION_LEVEL = 0;
				GCC_PREPROCESSOR_DEFINITIONS = (
					"DEBUG=1",
					"$(inherited)",
				);
				GCC_WARN_64_TO_32_BIT_CONVERSION = YES;
				GCC_WARN_ABOUT_RETURN_TYPE = YES_ERROR;
				GCC_WARN_UNDECLARED_SELECTOR = YES;
				GCC_WARN_UNINITIALIZED_AUTOS = YES_AGGRESSIVE;
				GCC_WARN_UNUSED_FUNCTION = YES;
				GCC_WARN_UNUSED_VARIABLE = YES;
				IPHONEOS_DEPLOYMENT_TARGET = 11.3;
				MTL_ENABLE_DEBUG_INFO = YES;
				ONLY_ACTIVE_ARCH = YES;
				SDKROOT = iphoneos;
				SWIFT_ACTIVE_COMPILATION_CONDITIONS = DEBUG;
				SWIFT_OPTIMIZATION_LEVEL = "-Onone";
			};
			name = Debug;
		};
		EE91EBFB20AF28FB004A70C0 /* Release */ = {
			isa = XCBuildConfiguration;
			buildSettings = {
				ALWAYS_SEARCH_USER_PATHS = NO;
				CLANG_ANALYZER_NONNULL = YES;
				CLANG_ANALYZER_NUMBER_OBJECT_CONVERSION = YES_AGGRESSIVE;
				CLANG_CXX_LANGUAGE_STANDARD = "gnu++14";
				CLANG_CXX_LIBRARY = "libc++";
				CLANG_ENABLE_MODULES = YES;
				CLANG_ENABLE_OBJC_ARC = YES;
				CLANG_ENABLE_OBJC_WEAK = YES;
				CLANG_WARN_BLOCK_CAPTURE_AUTORELEASING = YES;
				CLANG_WARN_BOOL_CONVERSION = YES;
				CLANG_WARN_COMMA = YES;
				CLANG_WARN_CONSTANT_CONVERSION = YES;
				CLANG_WARN_DEPRECATED_OBJC_IMPLEMENTATIONS = YES;
				CLANG_WARN_DIRECT_OBJC_ISA_USAGE = YES_ERROR;
				CLANG_WARN_DOCUMENTATION_COMMENTS = YES;
				CLANG_WARN_EMPTY_BODY = YES;
				CLANG_WARN_ENUM_CONVERSION = YES;
				CLANG_WARN_INFINITE_RECURSION = YES;
				CLANG_WARN_INT_CONVERSION = YES;
				CLANG_WARN_NON_LITERAL_NULL_CONVERSION = YES;
				CLANG_WARN_OBJC_IMPLICIT_RETAIN_SELF = YES;
				CLANG_WARN_OBJC_LITERAL_CONVERSION = YES;
				CLANG_WARN_OBJC_ROOT_CLASS = YES_ERROR;
				CLANG_WARN_RANGE_LOOP_ANALYSIS = YES;
				CLANG_WARN_STRICT_PROTOTYPES = YES;
				CLANG_WARN_SUSPICIOUS_MOVE = YES;
				CLANG_WARN_UNGUARDED_AVAILABILITY = YES_AGGRESSIVE;
				CLANG_WARN_UNREACHABLE_CODE = YES;
				CLANG_WARN__DUPLICATE_METHOD_MATCH = YES;
				CODE_SIGN_IDENTITY = "iPhone Developer";
				COPY_PHASE_STRIP = NO;
				DEBUG_INFORMATION_FORMAT = "dwarf-with-dsym";
				ENABLE_NS_ASSERTIONS = NO;
				ENABLE_STRICT_OBJC_MSGSEND = YES;
				GCC_C_LANGUAGE_STANDARD = gnu11;
				GCC_NO_COMMON_BLOCKS = YES;
				GCC_WARN_64_TO_32_BIT_CONVERSION = YES;
				GCC_WARN_ABOUT_RETURN_TYPE = YES_ERROR;
				GCC_WARN_UNDECLARED_SELECTOR = YES;
				GCC_WARN_UNINITIALIZED_AUTOS = YES_AGGRESSIVE;
				GCC_WARN_UNUSED_FUNCTION = YES;
				GCC_WARN_UNUSED_VARIABLE = YES;
				IPHONEOS_DEPLOYMENT_TARGET = 11.3;
				MTL_ENABLE_DEBUG_INFO = NO;
				SDKROOT = iphoneos;
				SWIFT_COMPILATION_MODE = wholemodule;
				SWIFT_OPTIMIZATION_LEVEL = "-O";
				VALIDATE_PRODUCT = YES;
			};
			name = Release;
		};
		EE91EBFD20AF28FB004A70C0 /* Debug */ = {
			isa = XCBuildConfiguration;
			buildSettings = {
				ASSETCATALOG_COMPILER_APPICON_NAME = AppIcon;
				CODE_SIGN_STYLE = Automatic;
				DEVELOPMENT_TEAM = JANZDS5D43;
				INFOPLIST_FILE = "workout-timers/Info.plist";
				LD_RUNPATH_SEARCH_PATHS = (
					"$(inherited)",
					"@executable_path/Frameworks",
				);
				PRODUCT_BUNDLE_IDENTIFIER = "com.RoboticSnailSoftware.workout-timers";
				PRODUCT_NAME = "$(TARGET_NAME)";
				SWIFT_VERSION = 4.0;
				TARGETED_DEVICE_FAMILY = "1,2";
			};
			name = Debug;
		};
		EE91EBFE20AF28FB004A70C0 /* Release */ = {
			isa = XCBuildConfiguration;
			buildSettings = {
				ASSETCATALOG_COMPILER_APPICON_NAME = AppIcon;
				CODE_SIGN_STYLE = Automatic;
				DEVELOPMENT_TEAM = JANZDS5D43;
				INFOPLIST_FILE = "workout-timers/Info.plist";
				LD_RUNPATH_SEARCH_PATHS = (
					"$(inherited)",
					"@executable_path/Frameworks",
				);
				PRODUCT_BUNDLE_IDENTIFIER = "com.RoboticSnailSoftware.workout-timers";
				PRODUCT_NAME = "$(TARGET_NAME)";
				SWIFT_VERSION = 4.0;
				TARGETED_DEVICE_FAMILY = "1,2";
			};
			name = Release;
		};
/* End XCBuildConfiguration section */

/* Begin XCConfigurationList section */
		EE91EBE520AF28F8004A70C0 /* Build configuration list for PBXProject "workout-timers" */ = {
			isa = XCConfigurationList;
			buildConfigurations = (
				EE91EBFA20AF28FB004A70C0 /* Debug */,
				EE91EBFB20AF28FB004A70C0 /* Release */,
			);
			defaultConfigurationIsVisible = 0;
			defaultConfigurationName = Release;
		};
		EE91EBFC20AF28FB004A70C0 /* Build configuration list for PBXNativeTarget "workout-timers" */ = {
			isa = XCConfigurationList;
			buildConfigurations = (
				EE91EBFD20AF28FB004A70C0 /* Debug */,
				EE91EBFE20AF28FB004A70C0 /* Release */,
			);
			defaultConfigurationIsVisible = 0;
			defaultConfigurationName = Release;
		};
/* End XCConfigurationList section */
	};
	rootObject = EE91EBE220AF28F8004A70C0 /* Project object */;
}
